{
  "pins" : [
    {
      "identity" : "sdwebimage",
      "kind" : "remoteSourceControl",
      "location" : "https://github.com/SDWebImage/SDWebImage.git",
      "state" : {
        "revision" : "10d06f6a33bafae8c164fbfd1f03391f6d4692b3",
        "version" : "5.20.0"
      }
    },
    {
      "identity" : "swift-basekit",
      "kind" : "remoteSourceControl",
      "location" : "https://github.com/andrewscwei/swift-basekit",
      "state" : {
        "revision" : "cb54e42a6603339a13614088e70e21a75237ec10",
        "version" : "1.0.0"
      }
    }
  ],
  "version" : 2
}
